
Microsoft Visual Studio Solution File, Format Version 12.00
# Visual Studio Version 17
VisualStudioVersion = 17.2.32630.192
MinimumVisualStudioVersion = 10.0.40219.1
Project("{FAE04EC0-301F-11D3-BF4B-00C04F79EFBC}") = "01.BaristaContest", "01.BaristaContest\01.BaristaContest.csproj", "{9F58CE51-919B-44CB-A2F1-7C8276F486ED}"
EndProject
Project("{FAE04EC0-301F-11D3-BF4B-00C04F79EFBC}") = "02.Help-A-Mole", "02.Help-A-Mole\02.Help-A-Mole.csproj", "{2B2663F9-FA2C-4ABA-A469-1AFC905BC65E}"
EndProject
Global
	GlobalSection(SolutionConfigurationPlatforms) = preSolution
		Debug|Any CPU = Debug|Any CPU
		Release|Any CPU = Release|Any CPU
	EndGlobalSection
	GlobalSection(ProjectConfigurationPlatforms) = postSolution
		{9F58CE51-919B-44CB-A2F1-7C8276F486ED}.Debug|Any CPU.ActiveCfg = Debug|Any CPU
		{9F58CE51-919B-44CB-A2F1-7C8276F486ED}.Debug|Any CPU.Build.0 = Debug|Any CPU
		{9F58CE51-919B-44CB-A2F1-7C8276F486ED}.Release|Any CPU.ActiveCfg = Release|Any CPU
		{9F58CE51-919B-44CB-A2F1-7C8276F486ED}.Release|Any CPU.Build.0 = Release|Any CPU
		{2B2663F9-FA2C-4ABA-A469-1AFC905BC65E}.Debug|Any CPU.ActiveCfg = Debug|Any CPU
		{2B2663F9-FA2C-4ABA-A469-1AFC905BC65E}.Debug|Any CPU.Build.0 = Debug|Any CPU
		{2B2663F9-FA2C-4ABA-A469-1AFC905BC65E}.Release|Any CPU.ActiveCfg = Release|Any CPU
		{2B2663F9-FA2C-4ABA-A469-1AFC905BC65E}.Release|Any CPU.Build.0 = Release|Any CPU
	EndGlobalSection
	GlobalSection(SolutionProperties) = preSolution
		HideSolutionNode = FALSE
	EndGlobalSection
	GlobalSection(ExtensibilityGlobals) = postSolution
		SolutionGuid = {A3D7F161-234F-41AB-A53B-422B01165D08}
	EndGlobalSection
EndGlobal
