
Microsoft Visual Studio Solution File, Format Version 12.00
# Visual Studio Version 17
VisualStudioVersion = 17.2.32630.192
MinimumVisualStudioVersion = 10.0.40219.1
Project("{FAE04EC0-301F-11D3-BF4B-00C04F79EFBC}") = "01.MonsterExtermination", "01.MonsterExtermination\01.MonsterExtermination.csproj", "{57D718BD-747A-4045-BE25-1AFBE5878DAA}"
EndProject
Project("{FAE04EC0-301F-11D3-BF4B-00C04F79EFBC}") = "02.DeliveryBoy", "02.DeliveryBoy\02.DeliveryBoy.csproj", "{EC065093-D527-4B5E-876A-B77977CAF199}"
EndProject
Global
	GlobalSection(SolutionConfigurationPlatforms) = preSolution
		Debug|Any CPU = Debug|Any CPU
		Release|Any CPU = Release|Any CPU
	EndGlobalSection
	GlobalSection(ProjectConfigurationPlatforms) = postSolution
		{57D718BD-747A-4045-BE25-1AFBE5878DAA}.Debug|Any CPU.ActiveCfg = Debug|Any CPU
		{57D718BD-747A-4045-BE25-1AFBE5878DAA}.Debug|Any CPU.Build.0 = Debug|Any CPU
		{57D718BD-747A-4045-BE25-1AFBE5878DAA}.Release|Any CPU.ActiveCfg = Release|Any CPU
		{57D718BD-747A-4045-BE25-1AFBE5878DAA}.Release|Any CPU.Build.0 = Release|Any CPU
		{EC065093-D527-4B5E-876A-B77977CAF199}.Debug|Any CPU.ActiveCfg = Debug|Any CPU
		{EC065093-D527-4B5E-876A-B77977CAF199}.Debug|Any CPU.Build.0 = Debug|Any CPU
		{EC065093-D527-4B5E-876A-B77977CAF199}.Release|Any CPU.ActiveCfg = Release|Any CPU
		{EC065093-D527-4B5E-876A-B77977CAF199}.Release|Any CPU.Build.0 = Release|Any CPU
	EndGlobalSection
	GlobalSection(SolutionProperties) = preSolution
		HideSolutionNode = FALSE
	EndGlobalSection
	GlobalSection(ExtensibilityGlobals) = postSolution
		SolutionGuid = {31749303-FA64-4B5A-BFF8-37E575C1EABF}
	EndGlobalSection
EndGlobal
