
Microsoft Visual Studio Solution File, Format Version 12.00
# Visual Studio Version 17
VisualStudioVersion = 17.2.32630.192
MinimumVisualStudioVersion = 10.0.40219.1
Project("{FAE04EC0-301F-11D3-BF4B-00C04F79EFBC}") = "01.Masterchef", "01.Masterchef\01.Masterchef.csproj", "{15B56115-5956-411A-AE4E-54209CC9D3AD}"
EndProject
Project("{FAE04EC0-301F-11D3-BF4B-00C04F79EFBC}") = "02.Survivor", "02.Survivor\02.Survivor.csproj", "{125D990F-7F70-43AE-8F5A-3524FFA4705E}"
EndProject
Global
	GlobalSection(SolutionConfigurationPlatforms) = preSolution
		Debug|Any CPU = Debug|Any CPU
		Release|Any CPU = Release|Any CPU
	EndGlobalSection
	GlobalSection(ProjectConfigurationPlatforms) = postSolution
		{15B56115-5956-411A-AE4E-54209CC9D3AD}.Debug|Any CPU.ActiveCfg = Debug|Any CPU
		{15B56115-5956-411A-AE4E-54209CC9D3AD}.Debug|Any CPU.Build.0 = Debug|Any CPU
		{15B56115-5956-411A-AE4E-54209CC9D3AD}.Release|Any CPU.ActiveCfg = Release|Any CPU
		{15B56115-5956-411A-AE4E-54209CC9D3AD}.Release|Any CPU.Build.0 = Release|Any CPU
		{125D990F-7F70-43AE-8F5A-3524FFA4705E}.Debug|Any CPU.ActiveCfg = Debug|Any CPU
		{125D990F-7F70-43AE-8F5A-3524FFA4705E}.Debug|Any CPU.Build.0 = Debug|Any CPU
		{125D990F-7F70-43AE-8F5A-3524FFA4705E}.Release|Any CPU.ActiveCfg = Release|Any CPU
		{125D990F-7F70-43AE-8F5A-3524FFA4705E}.Release|Any CPU.Build.0 = Release|Any CPU
	EndGlobalSection
	GlobalSection(SolutionProperties) = preSolution
		HideSolutionNode = FALSE
	EndGlobalSection
	GlobalSection(ExtensibilityGlobals) = postSolution
		SolutionGuid = {BCD5AC37-FEFF-422F-BF77-0B56BBD23849}
	EndGlobalSection
EndGlobal
