
Microsoft Visual Studio Solution File, Format Version 12.00
# Visual Studio Version 17
VisualStudioVersion = 17.2.32630.192
MinimumVisualStudioVersion = 10.0.40219.1
Project("{FAE04EC0-301F-11D3-BF4B-00C04F79EFBC}") = "01.FlowerWreaths", "01.FlowerWreaths\01.FlowerWreaths.csproj", "{EEC23C5D-094B-4846-8158-CD28066A6A04}"
EndProject
Project("{FAE04EC0-301F-11D3-BF4B-00C04F79EFBC}") = "03.VetClinic", "03.VetClinic\03.VetClinic.csproj", "{811F0E3D-D894-4550-91B3-A9F9E5DCB8AA}"
EndProject
Project("{FAE04EC0-301F-11D3-BF4B-00C04F79EFBC}") = "02.Bee", "02.Bee\02.Bee.csproj", "{448C8E3D-8A74-43B4-9FA7-D5002E0D90B5}"
EndProject
Global
	GlobalSection(SolutionConfigurationPlatforms) = preSolution
		Debug|Any CPU = Debug|Any CPU
		Release|Any CPU = Release|Any CPU
	EndGlobalSection
	GlobalSection(ProjectConfigurationPlatforms) = postSolution
		{EEC23C5D-094B-4846-8158-CD28066A6A04}.Debug|Any CPU.ActiveCfg = Debug|Any CPU
		{EEC23C5D-094B-4846-8158-CD28066A6A04}.Debug|Any CPU.Build.0 = Debug|Any CPU
		{EEC23C5D-094B-4846-8158-CD28066A6A04}.Release|Any CPU.ActiveCfg = Release|Any CPU
		{EEC23C5D-094B-4846-8158-CD28066A6A04}.Release|Any CPU.Build.0 = Release|Any CPU
		{811F0E3D-D894-4550-91B3-A9F9E5DCB8AA}.Debug|Any CPU.ActiveCfg = Debug|Any CPU
		{811F0E3D-D894-4550-91B3-A9F9E5DCB8AA}.Debug|Any CPU.Build.0 = Debug|Any CPU
		{811F0E3D-D894-4550-91B3-A9F9E5DCB8AA}.Release|Any CPU.ActiveCfg = Release|Any CPU
		{811F0E3D-D894-4550-91B3-A9F9E5DCB8AA}.Release|Any CPU.Build.0 = Release|Any CPU
		{448C8E3D-8A74-43B4-9FA7-D5002E0D90B5}.Debug|Any CPU.ActiveCfg = Debug|Any CPU
		{448C8E3D-8A74-43B4-9FA7-D5002E0D90B5}.Debug|Any CPU.Build.0 = Debug|Any CPU
		{448C8E3D-8A74-43B4-9FA7-D5002E0D90B5}.Release|Any CPU.ActiveCfg = Release|Any CPU
		{448C8E3D-8A74-43B4-9FA7-D5002E0D90B5}.Release|Any CPU.Build.0 = Release|Any CPU
	EndGlobalSection
	GlobalSection(SolutionProperties) = preSolution
		HideSolutionNode = FALSE
	EndGlobalSection
	GlobalSection(ExtensibilityGlobals) = postSolution
		SolutionGuid = {A09E66F3-6DA2-48D5-8085-566542D48ABD}
	EndGlobalSection
EndGlobal
