
Microsoft Visual Studio Solution File, Format Version 12.00
# Visual Studio Version 17
VisualStudioVersion = 17.2.32630.192
MinimumVisualStudioVersion = 10.0.40219.1
Project("{FAE04EC0-301F-11D3-BF4B-00C04F79EFBC}") = "01.BakeryShop", "01.BakeryShop\01.BakeryShop.csproj", "{8B39F6B8-13DC-4B55-9734-09660E7FFF5B}"
EndProject
Project("{FAE04EC0-301F-11D3-BF4B-00C04F79EFBC}") = "02.BeaverAtWork", "02.BeaverAtWork\02.BeaverAtWork.csproj", "{DB3AE172-150E-45B0-B670-4B936C37B08E}"
EndProject
Global
	GlobalSection(SolutionConfigurationPlatforms) = preSolution
		Debug|Any CPU = Debug|Any CPU
		Release|Any CPU = Release|Any CPU
	EndGlobalSection
	GlobalSection(ProjectConfigurationPlatforms) = postSolution
		{8B39F6B8-13DC-4B55-9734-09660E7FFF5B}.Debug|Any CPU.ActiveCfg = Debug|Any CPU
		{8B39F6B8-13DC-4B55-9734-09660E7FFF5B}.Debug|Any CPU.Build.0 = Debug|Any CPU
		{8B39F6B8-13DC-4B55-9734-09660E7FFF5B}.Release|Any CPU.ActiveCfg = Release|Any CPU
		{8B39F6B8-13DC-4B55-9734-09660E7FFF5B}.Release|Any CPU.Build.0 = Release|Any CPU
		{DB3AE172-150E-45B0-B670-4B936C37B08E}.Debug|Any CPU.ActiveCfg = Debug|Any CPU
		{DB3AE172-150E-45B0-B670-4B936C37B08E}.Debug|Any CPU.Build.0 = Debug|Any CPU
		{DB3AE172-150E-45B0-B670-4B936C37B08E}.Release|Any CPU.ActiveCfg = Release|Any CPU
		{DB3AE172-150E-45B0-B670-4B936C37B08E}.Release|Any CPU.Build.0 = Release|Any CPU
	EndGlobalSection
	GlobalSection(SolutionProperties) = preSolution
		HideSolutionNode = FALSE
	EndGlobalSection
	GlobalSection(ExtensibilityGlobals) = postSolution
		SolutionGuid = {CAA0C355-1396-46AE-A1D9-0C0F75E37250}
	EndGlobalSection
EndGlobal
